{
  "nodes": {
    "flake-utils": {
      "inputs": {
        "systems": "systems"
      },
      "locked": {
        "lastModified": 1681202837,
        "narHash": "sha256-H+Rh19JDwRtpVPAWp64F+rlEtxUWBAQW28eAi3SRSzg=",
        "owner": "numtide",
        "repo": "flake-utils",
        "rev": "cfacdce06f30d2b68473a46042957675eebb3401",
        "type": "github"
      },
      "original": {
        "owner": "numtide",
        "repo": "flake-utils",
        "type": "github"
      }
    },
    "home-manager": {
      "inputs": {
        "nixpkgs": [
          "nixpkgs"
        ]
      },
      "locked": {
        "lastModified": 1687163790,
        "narHash": "sha256-CmG/ZdswJrWM0CMgJiVyWfO6LqaI4SKEAx9IrnYDrpI=",
        "owner": "nix-community",
        "repo": "home-manager",
        "rev": "ac53777f52929bc82efcd2830bfc5aa60bcb4337",
        "type": "github"
      },
      "original": {
        "owner": "nix-community",
        "ref": "release-23.05",
        "repo": "home-manager",
        "type": "github"
      }
    },
    "nixpkgs": {
      "locked": {
        "lastModified": 1687288566,
        "narHash": "sha256-VckkiJ88Gzdc2cstm0z5eFcrHbvkm4VjxavHBGssvZI=",
        "owner": "NixOS",
        "repo": "nixpkgs",
        "rev": "b6c73c5fe53bb3afbf65e870541e0645e9145171",
        "type": "github"
      },
      "original": {
        "id": "nixpkgs",
        "ref": "nixos-23.05",
        "type": "indirect"
      }
    },
    "nixpkgs-opentabletdriver": {
      "locked": {
        "lastModified": 1687376314,
        "narHash": "sha256-IXqGpTnLIw7p1KDYHklbBYEF2C42563lRZhEzrjTne4=",
        "owner": "thiagokokada",
        "repo": "nixpkgs",
        "rev": "4dc0c0248187b2e14d53e67fd4ba3277c9cb7064",
        "type": "github"
      },
      "original": {
        "owner": "thiagokokada",
        "ref": "bump-opentabletdriver",
        "repo": "nixpkgs",
        "type": "github"
      }
    },
    "ow-mod-man": {
      "inputs": {
        "flake-utils": "flake-utils",
        "nixpkgs": [
          "nixpkgs"
        ]
      },
      "locked": {
        "lastModified": 1685639114,
        "narHash": "sha256-+Fgb+lpz9zrpI+Fs1lTBlZ9E2JCUWR6vLBoRdRX+/jw=",
        "owner": "ShoosGun",
        "repo": "ow-mod-man-flake",
        "rev": "c2201fc5a14afe984f0e1fcbef4fa929591c8995",
        "type": "github"
      },
      "original": {
        "owner": "ShoosGun",
        "ref": "main",
        "repo": "ow-mod-man-flake",
        "type": "github"
      }
    },
    "root": {
      "inputs": {
        "home-manager": "home-manager",
        "nixpkgs": "nixpkgs",
        "nixpkgs-opentabletdriver": "nixpkgs-opentabletdriver",
        "ow-mod-man": "ow-mod-man"
      }
    },
    "systems": {
      "locked": {
        "lastModified": 1681028828,
        "narHash": "sha256-Vy1rq5AaRuLzOxct8nz4T6wlgyUR7zLU309k9mBC768=",
        "owner": "nix-systems",
        "repo": "default",
        "rev": "da67096a3b9bf56a91d16901293e51ba5b49a27e",
        "type": "github"
      },
      "original": {
        "owner": "nix-systems",
        "repo": "default",
        "type": "github"
      }
    }
  },
  "root": "root",
  "version": 7
}
